
Microsoft Visual Studio Solution File, Format Version 12.00
# Visual Studio Version 17
VisualStudioVersion = 17.5.33530.505
MinimumVisualStudioVersion = 10.0.40219.1
Project("{9A19103F-16F7-4668-BE54-9A1E7A4F7556}") = "Ve.Direct.InfluxDB.Collector", "Ve.Direct.InfluxDB.Collector\Ve.Direct.InfluxDB.Collector.csproj", "{C2EB2328-9B95-4BEE-9735-F257673A4251}"
EndProject
Project("{9A19103F-16F7-4668-BE54-9A1E7A4F7556}") = "Tests", "Tests\Tests.csproj", "{DD653CFF-5C13-4BD8-9F7A-55C81DC2EB1C}"
EndProject
Global
	GlobalSection(SolutionConfigurationPlatforms) = preSolution
		Debug|Any CPU = Debug|Any CPU
		Release|Any CPU = Release|Any CPU
	EndGlobalSection
	GlobalSection(ProjectConfigurationPlatforms) = postSolution
		{C2EB2328-9B95-4BEE-9735-F257673A4251}.Debug|Any CPU.ActiveCfg = Debug|Any CPU
		{C2EB2328-9B95-4BEE-9735-F257673A4251}.Debug|Any CPU.Build.0 = Debug|Any CPU
		{C2EB2328-9B95-4BEE-9735-F257673A4251}.Release|Any CPU.ActiveCfg = Release|Any CPU
		{C2EB2328-9B95-4BEE-9735-F257673A4251}.Release|Any CPU.Build.0 = Release|Any CPU
		{DD653CFF-5C13-4BD8-9F7A-55C81DC2EB1C}.Debug|Any CPU.ActiveCfg = Debug|Any CPU
		{DD653CFF-5C13-4BD8-9F7A-55C81DC2EB1C}.Debug|Any CPU.Build.0 = Debug|Any CPU
		{DD653CFF-5C13-4BD8-9F7A-55C81DC2EB1C}.Release|Any CPU.ActiveCfg = Release|Any CPU
		{DD653CFF-5C13-4BD8-9F7A-55C81DC2EB1C}.Release|Any CPU.Build.0 = Release|Any CPU
	EndGlobalSection
	GlobalSection(SolutionProperties) = preSolution
		HideSolutionNode = FALSE
	EndGlobalSection
	GlobalSection(ExtensibilityGlobals) = postSolution
		SolutionGuid = {B8D01A9D-599A-40EE-896A-6269A6732F28}
	EndGlobalSection
EndGlobal
