
Microsoft Visual Studio Solution File, Format Version 12.00
# Visual Studio Version 16
VisualStudioVersion = 16.0.31402.337
MinimumVisualStudioVersion = 10.0.40219.1
Project("{FAE04EC0-301F-11D3-BF4B-00C04F79EFBC}") = "Ve.Direct.InfluxDB.Collector", "Ve.Direct.InfluxDB.Collector\Ve.Direct.InfluxDB.Collector.csproj", "{C2EB2328-9B95-4BEE-9735-F257673A4251}"
EndProject
Global
	GlobalSection(SolutionConfigurationPlatforms) = preSolution
		Debug|Any CPU = Debug|Any CPU
		Release|Any CPU = Release|Any CPU
	EndGlobalSection
	GlobalSection(ProjectConfigurationPlatforms) = postSolution
		{C2EB2328-9B95-4BEE-9735-F257673A4251}.Debug|Any CPU.ActiveCfg = Debug|Any CPU
		{C2EB2328-9B95-4BEE-9735-F257673A4251}.Debug|Any CPU.Build.0 = Debug|Any CPU
		{C2EB2328-9B95-4BEE-9735-F257673A4251}.Release|Any CPU.ActiveCfg = Release|Any CPU
		{C2EB2328-9B95-4BEE-9735-F257673A4251}.Release|Any CPU.Build.0 = Release|Any CPU
	EndGlobalSection
	GlobalSection(SolutionProperties) = preSolution
		HideSolutionNode = FALSE
	EndGlobalSection
	GlobalSection(ExtensibilityGlobals) = postSolution
		SolutionGuid = {B8D01A9D-599A-40EE-896A-6269A6732F28}
	EndGlobalSection
EndGlobal
